
Microsoft Visual Studio Solution File, Format Version 12.00
# Visual Studio Version 17
VisualStudioVersion = 17.5.33516.290
MinimumVisualStudioVersion = 10.0.40219.1
Project("{FAE04EC0-301F-11D3-BF4B-00C04F79EFBC}") = "Remove duplicates", "Remove duplicates.csproj", "{2D46E8C7-3A09-4F71-B029-E16931967CCC}"
EndProject
Global
	GlobalSection(SolutionConfigurationPlatforms) = preSolution
		Debug|Any CPU = Debug|Any CPU
		Release|Any CPU = Release|Any CPU
	EndGlobalSection
	GlobalSection(ProjectConfigurationPlatforms) = postSolution
		{2D46E8C7-3A09-4F71-B029-E16931967CCC}.Debug|Any CPU.ActiveCfg = Debug|Any CPU
		{2D46E8C7-3A09-4F71-B029-E16931967CCC}.Debug|Any CPU.Build.0 = Debug|Any CPU
		{2D46E8C7-3A09-4F71-B029-E16931967CCC}.Release|Any CPU.ActiveCfg = Release|Any CPU
		{2D46E8C7-3A09-4F71-B029-E16931967CCC}.Release|Any CPU.Build.0 = Release|Any CPU
	EndGlobalSection
	GlobalSection(SolutionProperties) = preSolution
		HideSolutionNode = FALSE
	EndGlobalSection
	GlobalSection(ExtensibilityGlobals) = postSolution
		SolutionGuid = {E4CAD908-4901-4978-ADF3-BB9787121C42}
	EndGlobalSection
EndGlobal
